process: # 17231
  name: EventInstanceDeadlock-Main
  instance: 1
  activity: # 1 "2017-06-01 18:41:11"
    name: Start
    status: Completed
  activity: # 5 "2017-06-01 18:41:11"
    name: |
      Publish
      First?
    status: Completed
    result: false
  activity: # 4 "2017-06-01 18:41:11"
    name: Build Plan
    status: Completed
  activity: # 3 "2017-06-01 18:41:11"
    name: Invoke Subs
    status: Completed
  activity: # 2 "2017-06-01 18:41:11"
    name: Stop
    status: Completed
  variable: # 31457
    name: plan
    value: |
      !!com.centurylink.mdw.model.ExecutionPlan {
        subprocesses: [
          {
            instanceId: ${~.*},
            logicalName: sub1,
            parameters: {
              serviceSummary: $serviceSummary
            },
            statusCode: 2
          },
          {
            instanceId: ${~.*},
            logicalName: sub2,
            parameters: {
              serviceSummary: $serviceSummary
            },
            statusCode: 2
          },
          {
            instanceId: ${~.*},
            logicalName: notify,
            parameters: {
              },
            statusCode: 2
          }]
        
      }
  variable: # 31456
    name: publishFirst
    value: false
  variable: # 31455
    name: serviceSummary
    value: |
      {
        "microservices": {
          "portster/PortIn": {
            "updates": [
              {
                "requestId": 0,
                "received": "2017-05-30 20:25:45",
                "status": {
                  "code": 202,
                  "source": "BVoip",
                  "message": "focaccept"
                }
              },
              {
                "requestId": 0,
                "received": "2017-05-30 20:25:51",
                "status": {
                  "code": 200,
                  "source": "BVoip",
                  "message": "soa_complete"
                }
              }
            ],
            "invocations": [{
              "requestId": 601957,
              "sent": "2017-05-30 20:24:39",
              "content": "",
              "status": {
                "code": 202,
                "message": "Accepted"
              },
              "responseId": 601959
            }]
          },
          "ius/DHP-Create": {"invocations": [{
            "requestId": 601954,
            "sent": "2017-05-30 20:24:56",
            "content": {"privateUser": "783998851"},
            "status": {"code": 200},
            "responseId": 602037
          }]},
          "bvoipsvc/Record-PortIn": {"invocations": [{
            "requestId": 601862,
            "sent": "2017-05-30 20:24:32",
            "content": "${~.*}",
            "status": {
              "code": 200,
              "message": "OK"
            },
            "responseId": 601864
          }]},
          "vtnm/Add-TN-VTNM": {"invocations": [{
            "requestId": 602069,
            "sent": "2017-05-30 20:25:55",
            "content": {"status": {
              "code": 200,
              "message": "CNUM Provisioning Completed"
            }},
            "status": {
              "code": 200,
              "message": "OK"
            },
            "responseId": 602089
          }]},
          "callerid/Create-UpdateCallerId": {"invocations": [{
            "requestId": 602111,
            "sent": "2017-05-30 20:26:05",
            "content": {"status": {
              "code": 200,
              "message": "CallerId Provisioning completed"
            }},
            "status": {
              "code": 200,
              "message": "OK"
            },
            "responseId": 602151
          }]},
          "bvoipwf/BVOIPWFResumeOrder": {"invocations": []},
          "e911/911-Create": {"invocations": [{
            "requestId": 601785,
            "sent": "2017-05-30 20:24:03",
            "content": {
              "carrier": "WEST",
              "phoneNumber": "3035148061",
              "correlationId": "sdwf35b84c94f241c3",
              "transactionId": "5cb4c948aebf4b02a3cc57ee11580932"
            },
            "status": {"code": 200},
            "responseId": 601795
          }]}
        },
        "publicUserId": "3035148061",
        "requestId": "sdwf35b84c94f241c3"
      }